
Microsoft Visual Studio Solution File, Format Version 12.00
# Visual Studio 15
VisualStudioVersion = 15.0.26730.10
MinimumVisualStudioVersion = 10.0.40219.1
Project("{FAE04EC0-301F-11D3-BF4B-00C04F79EFBC}") = "EpcryptGUI", "EpcryptGUI\EpcryptGUI.csproj", "{A8AB303C-2AEF-456C-A4E3-0BFD62C314A4}"
EndProject
Project("{54435603-DBB4-11D2-8724-00A0C9A8B90C}") = "setup", "setup\setup.vdproj", "{AABE9068-7571-4E2F-A0CD-B5D54793ED42}"
EndProject
Project("{54435603-DBB4-11D2-8724-00A0C9A8B90C}") = "Setup1", "Setup1\Setup1.vdproj", "{AC508E6D-F90F-4FE5-A0E6-2CF6F4AE4E74}"
EndProject
Project("{54435603-DBB4-11D2-8724-00A0C9A8B90C}") = "EpcryptGUIsetup", "EpcryptGUIsetup\EpcryptGUIsetup.vdproj", "{989C44FC-E5BA-41C5-9358-2830627B2C43}"
EndProject
Global
	GlobalSection(SolutionConfigurationPlatforms) = preSolution
		Debug|Any CPU = Debug|Any CPU
		Release|Any CPU = Release|Any CPU
	EndGlobalSection
	GlobalSection(ProjectConfigurationPlatforms) = postSolution
		{A8AB303C-2AEF-456C-A4E3-0BFD62C314A4}.Debug|Any CPU.ActiveCfg = Debug|Any CPU
		{A8AB303C-2AEF-456C-A4E3-0BFD62C314A4}.Debug|Any CPU.Build.0 = Debug|Any CPU
		{A8AB303C-2AEF-456C-A4E3-0BFD62C314A4}.Release|Any CPU.ActiveCfg = Release|Any CPU
		{A8AB303C-2AEF-456C-A4E3-0BFD62C314A4}.Release|Any CPU.Build.0 = Release|Any CPU
		{AABE9068-7571-4E2F-A0CD-B5D54793ED42}.Debug|Any CPU.ActiveCfg = Debug
		{AABE9068-7571-4E2F-A0CD-B5D54793ED42}.Release|Any CPU.ActiveCfg = Release
		{AC508E6D-F90F-4FE5-A0E6-2CF6F4AE4E74}.Debug|Any CPU.ActiveCfg = Debug
		{AC508E6D-F90F-4FE5-A0E6-2CF6F4AE4E74}.Release|Any CPU.ActiveCfg = Release
		{989C44FC-E5BA-41C5-9358-2830627B2C43}.Debug|Any CPU.ActiveCfg = Debug
		{989C44FC-E5BA-41C5-9358-2830627B2C43}.Release|Any CPU.ActiveCfg = Release
	EndGlobalSection
	GlobalSection(SolutionProperties) = preSolution
		HideSolutionNode = FALSE
	EndGlobalSection
	GlobalSection(ExtensibilityGlobals) = postSolution
		SolutionGuid = {2993711C-3C1E-4E38-BEC7-DBAAADE3A89E}
	EndGlobalSection
EndGlobal
